
Microsoft Visual Studio Solution File, Format Version 12.00
# Visual Studio Version 17
VisualStudioVersion = 17.8.34309.116
MinimumVisualStudioVersion = 10.0.40219.1
Project("{FAE04EC0-301F-11D3-BF4B-00C04F79EFBC}") = "EfcoreApp", "EfcoreApp.csproj", "{532E5886-FD6D-48A5-AD8E-F3D3D53D81E0}"
EndProject
Global
	GlobalSection(SolutionConfigurationPlatforms) = preSolution
		Debug|Any CPU = Debug|Any CPU
		Release|Any CPU = Release|Any CPU
	EndGlobalSection
	GlobalSection(ProjectConfigurationPlatforms) = postSolution
		{532E5886-FD6D-48A5-AD8E-F3D3D53D81E0}.Debug|Any CPU.ActiveCfg = Debug|Any CPU
		{532E5886-FD6D-48A5-AD8E-F3D3D53D81E0}.Debug|Any CPU.Build.0 = Debug|Any CPU
		{532E5886-FD6D-48A5-AD8E-F3D3D53D81E0}.Release|Any CPU.ActiveCfg = Release|Any CPU
		{532E5886-FD6D-48A5-AD8E-F3D3D53D81E0}.Release|Any CPU.Build.0 = Release|Any CPU
	EndGlobalSection
	GlobalSection(SolutionProperties) = preSolution
		HideSolutionNode = FALSE
	EndGlobalSection
	GlobalSection(ExtensibilityGlobals) = postSolution
		SolutionGuid = {F6181AF1-AA18-4E69-BD5A-E39309C90705}
	EndGlobalSection
EndGlobal
